
Microsoft Visual Studio Solution File, Format Version 12.00
# Visual Studio 15
VisualStudioVersion = 15.0.26124.0
MinimumVisualStudioVersion = 15.0.26124.0
Project("{FAE04EC0-301F-11D3-BF4B-00C04F79EFBC}") = "HelloWorld.SPA", "HelloWorld.SPA\HelloWorld.SPA.csproj", "{C379EF99-0DE6-4C82-97EE-75687D2151E7}"
EndProject
Project("{FAE04EC0-301F-11D3-BF4B-00C04F79EFBC}") = "HelloWorld.API", "HelloWorld.API\HelloWorld.API.csproj", "{D4D79D9F-F1BD-48CC-8C38-DD462EA60E32}"
EndProject
Project("{FAE04EC0-301F-11D3-BF4B-00C04F79EFBC}") = "HelloWorld.Tests", "HelloWorld.Tests\HelloWorld.Tests.csproj", "{5C44E917-B8F8-4E8C-9FAF-734D75C6BF9E}"
EndProject
Global
	GlobalSection(SolutionConfigurationPlatforms) = preSolution
		Debug|Any CPU = Debug|Any CPU
		Debug|x64 = Debug|x64
		Debug|x86 = Debug|x86
		Release|Any CPU = Release|Any CPU
		Release|x64 = Release|x64
		Release|x86 = Release|x86
	EndGlobalSection
	GlobalSection(SolutionProperties) = preSolution
		HideSolutionNode = FALSE
	EndGlobalSection
	GlobalSection(ProjectConfigurationPlatforms) = postSolution
		{C379EF99-0DE6-4C82-97EE-75687D2151E7}.Debug|Any CPU.ActiveCfg = Debug|Any CPU
		{C379EF99-0DE6-4C82-97EE-75687D2151E7}.Debug|Any CPU.Build.0 = Debug|Any CPU
		{C379EF99-0DE6-4C82-97EE-75687D2151E7}.Debug|x64.ActiveCfg = Debug|Any CPU
		{C379EF99-0DE6-4C82-97EE-75687D2151E7}.Debug|x64.Build.0 = Debug|Any CPU
		{C379EF99-0DE6-4C82-97EE-75687D2151E7}.Debug|x86.ActiveCfg = Debug|Any CPU
		{C379EF99-0DE6-4C82-97EE-75687D2151E7}.Debug|x86.Build.0 = Debug|Any CPU
		{C379EF99-0DE6-4C82-97EE-75687D2151E7}.Release|Any CPU.ActiveCfg = Release|Any CPU
		{C379EF99-0DE6-4C82-97EE-75687D2151E7}.Release|Any CPU.Build.0 = Release|Any CPU
		{C379EF99-0DE6-4C82-97EE-75687D2151E7}.Release|x64.ActiveCfg = Release|Any CPU
		{C379EF99-0DE6-4C82-97EE-75687D2151E7}.Release|x64.Build.0 = Release|Any CPU
		{C379EF99-0DE6-4C82-97EE-75687D2151E7}.Release|x86.ActiveCfg = Release|Any CPU
		{C379EF99-0DE6-4C82-97EE-75687D2151E7}.Release|x86.Build.0 = Release|Any CPU
		{D4D79D9F-F1BD-48CC-8C38-DD462EA60E32}.Debug|Any CPU.ActiveCfg = Debug|Any CPU
		{D4D79D9F-F1BD-48CC-8C38-DD462EA60E32}.Debug|Any CPU.Build.0 = Debug|Any CPU
		{D4D79D9F-F1BD-48CC-8C38-DD462EA60E32}.Debug|x64.ActiveCfg = Debug|Any CPU
		{D4D79D9F-F1BD-48CC-8C38-DD462EA60E32}.Debug|x64.Build.0 = Debug|Any CPU
		{D4D79D9F-F1BD-48CC-8C38-DD462EA60E32}.Debug|x86.ActiveCfg = Debug|Any CPU
		{D4D79D9F-F1BD-48CC-8C38-DD462EA60E32}.Debug|x86.Build.0 = Debug|Any CPU
		{D4D79D9F-F1BD-48CC-8C38-DD462EA60E32}.Release|Any CPU.ActiveCfg = Release|Any CPU
		{D4D79D9F-F1BD-48CC-8C38-DD462EA60E32}.Release|Any CPU.Build.0 = Release|Any CPU
		{D4D79D9F-F1BD-48CC-8C38-DD462EA60E32}.Release|x64.ActiveCfg = Release|Any CPU
		{D4D79D9F-F1BD-48CC-8C38-DD462EA60E32}.Release|x64.Build.0 = Release|Any CPU
		{D4D79D9F-F1BD-48CC-8C38-DD462EA60E32}.Release|x86.ActiveCfg = Release|Any CPU
		{D4D79D9F-F1BD-48CC-8C38-DD462EA60E32}.Release|x86.Build.0 = Release|Any CPU
		{5C44E917-B8F8-4E8C-9FAF-734D75C6BF9E}.Debug|Any CPU.ActiveCfg = Debug|Any CPU
		{5C44E917-B8F8-4E8C-9FAF-734D75C6BF9E}.Debug|Any CPU.Build.0 = Debug|Any CPU
		{5C44E917-B8F8-4E8C-9FAF-734D75C6BF9E}.Debug|x64.ActiveCfg = Debug|Any CPU
		{5C44E917-B8F8-4E8C-9FAF-734D75C6BF9E}.Debug|x64.Build.0 = Debug|Any CPU
		{5C44E917-B8F8-4E8C-9FAF-734D75C6BF9E}.Debug|x86.ActiveCfg = Debug|Any CPU
		{5C44E917-B8F8-4E8C-9FAF-734D75C6BF9E}.Debug|x86.Build.0 = Debug|Any CPU
		{5C44E917-B8F8-4E8C-9FAF-734D75C6BF9E}.Release|Any CPU.ActiveCfg = Release|Any CPU
		{5C44E917-B8F8-4E8C-9FAF-734D75C6BF9E}.Release|Any CPU.Build.0 = Release|Any CPU
		{5C44E917-B8F8-4E8C-9FAF-734D75C6BF9E}.Release|x64.ActiveCfg = Release|Any CPU
		{5C44E917-B8F8-4E8C-9FAF-734D75C6BF9E}.Release|x64.Build.0 = Release|Any CPU
		{5C44E917-B8F8-4E8C-9FAF-734D75C6BF9E}.Release|x86.ActiveCfg = Release|Any CPU
		{5C44E917-B8F8-4E8C-9FAF-734D75C6BF9E}.Release|x86.Build.0 = Release|Any CPU
	EndGlobalSection
EndGlobal
